
Microsoft Visual Studio Solution File, Format Version 12.00
# Visual Studio Version 16
VisualStudioVersion = 25.0.1706.6
MinimumVisualStudioVersion = 10.0.40219.1
Project("{FAE04EC0-301F-11D3-BF4B-00C04F79EFBC}") = "elme", "elme.csproj", "{51FB6FFC-4695-44D3-B99D-E3D285D50C4C}"
EndProject
Project("{FAE04EC0-301F-11D3-BF4B-00C04F79EFBC}") = "TestsUnit1", "..\TestsUnit1\TestsUnit1.csproj", "{360FF8B6-76A4-467B-BBB3-F0090DC530D6}"
EndProject
Project("{FAE04EC0-301F-11D3-BF4B-00C04F79EFBC}") = "Parser", "..\Parser\Parser.csproj", "{05F72BAF-B3FA-45B9-8A4E-E80CDEB4EE65}"
EndProject
Global
	GlobalSection(SolutionConfigurationPlatforms) = preSolution
		Debug|Any CPU = Debug|Any CPU
		Release|Any CPU = Release|Any CPU
	EndGlobalSection
	GlobalSection(ProjectConfigurationPlatforms) = postSolution
		{51FB6FFC-4695-44D3-B99D-E3D285D50C4C}.Debug|Any CPU.ActiveCfg = Debug|Any CPU
		{51FB6FFC-4695-44D3-B99D-E3D285D50C4C}.Debug|Any CPU.Build.0 = Debug|Any CPU
		{51FB6FFC-4695-44D3-B99D-E3D285D50C4C}.Release|Any CPU.ActiveCfg = Release|Any CPU
		{51FB6FFC-4695-44D3-B99D-E3D285D50C4C}.Release|Any CPU.Build.0 = Release|Any CPU
		{360FF8B6-76A4-467B-BBB3-F0090DC530D6}.Debug|Any CPU.ActiveCfg = Debug|Any CPU
		{360FF8B6-76A4-467B-BBB3-F0090DC530D6}.Debug|Any CPU.Build.0 = Debug|Any CPU
		{360FF8B6-76A4-467B-BBB3-F0090DC530D6}.Release|Any CPU.ActiveCfg = Release|Any CPU
		{360FF8B6-76A4-467B-BBB3-F0090DC530D6}.Release|Any CPU.Build.0 = Release|Any CPU
		{05F72BAF-B3FA-45B9-8A4E-E80CDEB4EE65}.Debug|Any CPU.ActiveCfg = Debug|Any CPU
		{05F72BAF-B3FA-45B9-8A4E-E80CDEB4EE65}.Debug|Any CPU.Build.0 = Debug|Any CPU
		{05F72BAF-B3FA-45B9-8A4E-E80CDEB4EE65}.Release|Any CPU.ActiveCfg = Release|Any CPU
		{05F72BAF-B3FA-45B9-8A4E-E80CDEB4EE65}.Release|Any CPU.Build.0 = Release|Any CPU
	EndGlobalSection
	GlobalSection(SolutionProperties) = preSolution
		HideSolutionNode = FALSE
	EndGlobalSection
	GlobalSection(ExtensibilityGlobals) = postSolution
		SolutionGuid = {EEAA1676-8966-46C8-8929-07063020B239}
	EndGlobalSection
EndGlobal
