
Microsoft Visual Studio Solution File, Format Version 12.00
# Visual Studio Version 16
VisualStudioVersion = 25.0.1705.4
MinimumVisualStudioVersion = 10.0.40219.1
Project("{FAE04EC0-301F-11D3-BF4B-00C04F79EFBC}") = "TestsUnit1", "TestsUnit1.csproj", "{9E30C6E5-A002-47A4-9E35-9B121AA08B3B}"
EndProject
Global
	GlobalSection(SolutionConfigurationPlatforms) = preSolution
		Debug|Any CPU = Debug|Any CPU
		Release|Any CPU = Release|Any CPU
	EndGlobalSection
	GlobalSection(ProjectConfigurationPlatforms) = postSolution
		{9E30C6E5-A002-47A4-9E35-9B121AA08B3B}.Debug|Any CPU.ActiveCfg = Debug|Any CPU
		{9E30C6E5-A002-47A4-9E35-9B121AA08B3B}.Debug|Any CPU.Build.0 = Debug|Any CPU
		{9E30C6E5-A002-47A4-9E35-9B121AA08B3B}.Release|Any CPU.ActiveCfg = Release|Any CPU
		{9E30C6E5-A002-47A4-9E35-9B121AA08B3B}.Release|Any CPU.Build.0 = Release|Any CPU
	EndGlobalSection
	GlobalSection(SolutionProperties) = preSolution
		HideSolutionNode = FALSE
	EndGlobalSection
	GlobalSection(ExtensibilityGlobals) = postSolution
		SolutionGuid = {AE630B4D-B151-4D77-A4EF-10757103FFAB}
	EndGlobalSection
EndGlobal
