
Microsoft Visual Studio Solution File, Format Version 12.00
# Visual Studio Version 16
VisualStudioVersion = 25.0.1706.6
MinimumVisualStudioVersion = 10.0.40219.1
Project("{FAE04EC0-301F-11D3-BF4B-00C04F79EFBC}") = "Parser", "Parser.csproj", "{B2CAE952-21F7-4C4A-B223-4BBF6179DA12}"
EndProject
Global
	GlobalSection(SolutionConfigurationPlatforms) = preSolution
		Debug|Any CPU = Debug|Any CPU
		Release|Any CPU = Release|Any CPU
	EndGlobalSection
	GlobalSection(ProjectConfigurationPlatforms) = postSolution
		{B2CAE952-21F7-4C4A-B223-4BBF6179DA12}.Debug|Any CPU.ActiveCfg = Debug|Any CPU
		{B2CAE952-21F7-4C4A-B223-4BBF6179DA12}.Debug|Any CPU.Build.0 = Debug|Any CPU
		{B2CAE952-21F7-4C4A-B223-4BBF6179DA12}.Release|Any CPU.ActiveCfg = Release|Any CPU
		{B2CAE952-21F7-4C4A-B223-4BBF6179DA12}.Release|Any CPU.Build.0 = Release|Any CPU
	EndGlobalSection
	GlobalSection(SolutionProperties) = preSolution
		HideSolutionNode = FALSE
	EndGlobalSection
	GlobalSection(ExtensibilityGlobals) = postSolution
		SolutionGuid = {3037762B-1833-435B-A50F-C9777C65F5DC}
	EndGlobalSection
EndGlobal
